
Microsoft Visual Studio Solution File, Format Version 12.00
# Visual Studio 15
VisualStudioVersion = 15.0.28307.572
MinimumVisualStudioVersion = 10.0.40219.1
Project("{FAE04EC0-301F-11D3-BF4B-00C04F79EFBC}") = "LearnTagHelpers", "LearnTagHelpers\LearnTagHelpers.csproj", "{1BC9BC39-ABCC-4BB8-AEF6-FECF5A849592}"
EndProject
Global
	GlobalSection(SolutionConfigurationPlatforms) = preSolution
		Debug|Any CPU = Debug|Any CPU
		Release|Any CPU = Release|Any CPU
	EndGlobalSection
	GlobalSection(ProjectConfigurationPlatforms) = postSolution
		{1BC9BC39-ABCC-4BB8-AEF6-FECF5A849592}.Debug|Any CPU.ActiveCfg = Debug|Any CPU
		{1BC9BC39-ABCC-4BB8-AEF6-FECF5A849592}.Debug|Any CPU.Build.0 = Debug|Any CPU
		{1BC9BC39-ABCC-4BB8-AEF6-FECF5A849592}.Release|Any CPU.ActiveCfg = Release|Any CPU
		{1BC9BC39-ABCC-4BB8-AEF6-FECF5A849592}.Release|Any CPU.Build.0 = Release|Any CPU
	EndGlobalSection
	GlobalSection(SolutionProperties) = preSolution
		HideSolutionNode = FALSE
	EndGlobalSection
	GlobalSection(ExtensibilityGlobals) = postSolution
		SolutionGuid = {6CADA140-D4ED-4BC3-AD5C-ACFDEB651B5D}
	EndGlobalSection
EndGlobal
